
Microsoft Visual Studio Solution File, Format Version 12.00
# Visual Studio Version 17
VisualStudioVersion = 17.4.33122.133
MinimumVisualStudioVersion = 10.0.40219.1
Project("{FAE04EC0-301F-11D3-BF4B-00C04F79EFBC}") = "CodeFirstWinForms", "CodeFirstWinForms\CodeFirstWinForms.csproj", "{0577F9DA-38E9-4772-9D87-6EDF548BCBBE}"
EndProject
Global
	GlobalSection(SolutionConfigurationPlatforms) = preSolution
		Debug|Any CPU = Debug|Any CPU
		Release|Any CPU = Release|Any CPU
	EndGlobalSection
	GlobalSection(ProjectConfigurationPlatforms) = postSolution
		{0577F9DA-38E9-4772-9D87-6EDF548BCBBE}.Debug|Any CPU.ActiveCfg = Debug|Any CPU
		{0577F9DA-38E9-4772-9D87-6EDF548BCBBE}.Debug|Any CPU.Build.0 = Debug|Any CPU
		{0577F9DA-38E9-4772-9D87-6EDF548BCBBE}.Release|Any CPU.ActiveCfg = Release|Any CPU
		{0577F9DA-38E9-4772-9D87-6EDF548BCBBE}.Release|Any CPU.Build.0 = Release|Any CPU
	EndGlobalSection
	GlobalSection(SolutionProperties) = preSolution
		HideSolutionNode = FALSE
	EndGlobalSection
	GlobalSection(ExtensibilityGlobals) = postSolution
		SolutionGuid = {B41E2924-77A7-40B3-A8CB-A668BBC2623F}
	EndGlobalSection
EndGlobal
